
Microsoft Visual Studio Solution File, Format Version 12.00
# Visual Studio Version 17
VisualStudioVersion = 17.1.32328.378
MinimumVisualStudioVersion = 10.0.40219.1
Project("{9A19103F-16F7-4668-BE54-9A1E7A4F7556}") = "NeanderBank.Api", "NeanderBank.Api\NeanderBank.Api.csproj", "{8EFB9004-C107-403F-B1B6-8874D2A16EDE}"
EndProject
Project("{FAE04EC0-301F-11D3-BF4B-00C04F79EFBC}") = "NeanderBank.Business", "NeanderBank.Business\NeanderBank.Business.csproj", "{5C1D4DEF-4CF9-4B78-9B6C-8B4F2BE2A780}"
EndProject
Project("{FAE04EC0-301F-11D3-BF4B-00C04F79EFBC}") = "NeanderBank.Data", "NeanderBank.Data\NeanderBank.Data.csproj", "{B41F111C-4966-48D7-93C6-402ADDDB1D41}"
EndProject
Global
	GlobalSection(SolutionConfigurationPlatforms) = preSolution
		Debug|Any CPU = Debug|Any CPU
		Release|Any CPU = Release|Any CPU
	EndGlobalSection
	GlobalSection(ProjectConfigurationPlatforms) = postSolution
		{8EFB9004-C107-403F-B1B6-8874D2A16EDE}.Debug|Any CPU.ActiveCfg = Debug|Any CPU
		{8EFB9004-C107-403F-B1B6-8874D2A16EDE}.Debug|Any CPU.Build.0 = Debug|Any CPU
		{8EFB9004-C107-403F-B1B6-8874D2A16EDE}.Release|Any CPU.ActiveCfg = Release|Any CPU
		{8EFB9004-C107-403F-B1B6-8874D2A16EDE}.Release|Any CPU.Build.0 = Release|Any CPU
		{5C1D4DEF-4CF9-4B78-9B6C-8B4F2BE2A780}.Debug|Any CPU.ActiveCfg = Debug|Any CPU
		{5C1D4DEF-4CF9-4B78-9B6C-8B4F2BE2A780}.Debug|Any CPU.Build.0 = Debug|Any CPU
		{5C1D4DEF-4CF9-4B78-9B6C-8B4F2BE2A780}.Release|Any CPU.ActiveCfg = Release|Any CPU
		{5C1D4DEF-4CF9-4B78-9B6C-8B4F2BE2A780}.Release|Any CPU.Build.0 = Release|Any CPU
		{B41F111C-4966-48D7-93C6-402ADDDB1D41}.Debug|Any CPU.ActiveCfg = Debug|Any CPU
		{B41F111C-4966-48D7-93C6-402ADDDB1D41}.Debug|Any CPU.Build.0 = Debug|Any CPU
		{B41F111C-4966-48D7-93C6-402ADDDB1D41}.Release|Any CPU.ActiveCfg = Release|Any CPU
		{B41F111C-4966-48D7-93C6-402ADDDB1D41}.Release|Any CPU.Build.0 = Release|Any CPU
	EndGlobalSection
	GlobalSection(SolutionProperties) = preSolution
		HideSolutionNode = FALSE
	EndGlobalSection
	GlobalSection(ExtensibilityGlobals) = postSolution
		SolutionGuid = {886B2A4E-B61A-4531-B245-304392C6B4AF}
	EndGlobalSection
EndGlobal
